
Microsoft Visual Studio Solution File, Format Version 11.00
# Visual Studio 2010
Project("{FAE04EC0-301F-11D3-BF4B-00C04F79EFBC}") = "Ballano", "Assembly-CSharp.csproj", "{BFB0A475-70A6-A9E8-7C53-BE9C26214D21}"
EndProject
Project("{FAE04EC0-301F-11D3-BF4B-00C04F79EFBC}") = "Ballano", "Assembly-CSharp-Editor.csproj", "{035A5384-95BA-46D0-ADEC-2EAA2AE32025}"
EndProject
Global
	GlobalSection(SolutionConfigurationPlatforms) = preSolution
		Debug|Any CPU = Debug|Any CPU
		Release|Any CPU = Release|Any CPU
	EndGlobalSection
	GlobalSection(ProjectConfigurationPlatforms) = postSolution
		{BFB0A475-70A6-A9E8-7C53-BE9C26214D21}.Debug|Any CPU.ActiveCfg = Debug|Any CPU
		{BFB0A475-70A6-A9E8-7C53-BE9C26214D21}.Debug|Any CPU.Build.0 = Debug|Any CPU
		{BFB0A475-70A6-A9E8-7C53-BE9C26214D21}.Release|Any CPU.ActiveCfg = Release|Any CPU
		{BFB0A475-70A6-A9E8-7C53-BE9C26214D21}.Release|Any CPU.Build.0 = Release|Any CPU
		{035A5384-95BA-46D0-ADEC-2EAA2AE32025}.Debug|Any CPU.ActiveCfg = Debug|Any CPU
		{035A5384-95BA-46D0-ADEC-2EAA2AE32025}.Debug|Any CPU.Build.0 = Debug|Any CPU
		{035A5384-95BA-46D0-ADEC-2EAA2AE32025}.Release|Any CPU.ActiveCfg = Release|Any CPU
		{035A5384-95BA-46D0-ADEC-2EAA2AE32025}.Release|Any CPU.Build.0 = Release|Any CPU
	EndGlobalSection
	GlobalSection(SolutionProperties) = preSolution
		HideSolutionNode = FALSE
	EndGlobalSection
	GlobalSection(MonoDevelopProperties) = preSolution
		StartupItem = Assembly-CSharp.csproj
	EndGlobalSection
EndGlobal
